
Microsoft Visual Studio Solution File, Format Version 12.00
# Visual Studio Version 17
VisualStudioVersion = 17.0.31903.59
MinimumVisualStudioVersion = 10.0.40219.1
Project("{2150E333-8FDC-42A3-9474-1A3956D46DE8}") = "src", "src", "{65F47F2A-E5A9-44B4-BA64-036EB9F7578E}"
EndProject
Project("{FAE04EC0-301F-11D3-BF4B-00C04F79EFBC}") = "Pandora.App", "src\Pandora.App\Pandora.App.csproj", "{F36B2C06-4E0C-4887-948D-D2E6886DB9AA}"
EndProject
Project("{2150E333-8FDC-42A3-9474-1A3956D46DE8}") = "tests", "tests", "{9042CBFC-FFEE-4434-9123-324184DC5EA8}"
EndProject
Project("{FAE04EC0-301F-11D3-BF4B-00C04F79EFBC}") = "Pandora.Tests", "tests\Pandora.Tests\Pandora.Tests.csproj", "{EC2D16A6-4028-4B03-80A9-33DC96A87837}"
EndProject
Project("{FAE04EC0-301F-11D3-BF4B-00C04F79EFBC}") = "Pandora.Cli", "src\Pandora.Cli\Pandora.Cli.csproj", "{B130D6F3-14BF-4DD9-B351-D8C1CDD92F46}"
EndProject
Project("{FAE04EC0-301F-11D3-BF4B-00C04F79EFBC}") = "Pandora.Core", "src\Pandora.Core\Pandora.Core.csproj", "{93AF7698-ACBE-4711-846C-EEE8DAE69126}"
EndProject
Project("{FAE04EC0-301F-11D3-BF4B-00C04F79EFBC}") = "Pandora.App.Tests", "tests\Pandora.App.Tests\Pandora.App.Tests.csproj", "{4419E09E-E863-4D8C-B7A4-CC23367C9FA1}"
EndProject
Global
	GlobalSection(SolutionConfigurationPlatforms) = preSolution
		Debug|Any CPU = Debug|Any CPU
		Release|Any CPU = Release|Any CPU
	EndGlobalSection
	GlobalSection(SolutionProperties) = preSolution
		HideSolutionNode = FALSE
	EndGlobalSection
	GlobalSection(ProjectConfigurationPlatforms) = postSolution
		{4419E09E-E863-4D8C-B7A4-CC23367C9FA1}.Debug|Any CPU.ActiveCfg = Debug|Any CPU
		{4419E09E-E863-4D8C-B7A4-CC23367C9FA1}.Debug|Any CPU.Build.0 = Debug|Any CPU
		{4419E09E-E863-4D8C-B7A4-CC23367C9FA1}.Release|Any CPU.ActiveCfg = Release|Any CPU
		{4419E09E-E863-4D8C-B7A4-CC23367C9FA1}.Release|Any CPU.Build.0 = Release|Any CPU
		{F36B2C06-4E0C-4887-948D-D2E6886DB9AA}.Debug|Any CPU.ActiveCfg = Debug|Any CPU
		{F36B2C06-4E0C-4887-948D-D2E6886DB9AA}.Debug|Any CPU.Build.0 = Debug|Any CPU
		{F36B2C06-4E0C-4887-948D-D2E6886DB9AA}.Release|Any CPU.ActiveCfg = Release|Any CPU
		{F36B2C06-4E0C-4887-948D-D2E6886DB9AA}.Release|Any CPU.Build.0 = Release|Any CPU
		{EC2D16A6-4028-4B03-80A9-33DC96A87837}.Debug|Any CPU.ActiveCfg = Debug|Any CPU
		{EC2D16A6-4028-4B03-80A9-33DC96A87837}.Debug|Any CPU.Build.0 = Debug|Any CPU
		{EC2D16A6-4028-4B03-80A9-33DC96A87837}.Release|Any CPU.ActiveCfg = Release|Any CPU
		{EC2D16A6-4028-4B03-80A9-33DC96A87837}.Release|Any CPU.Build.0 = Release|Any CPU
		{B130D6F3-14BF-4DD9-B351-D8C1CDD92F46}.Debug|Any CPU.ActiveCfg = Debug|Any CPU
		{B130D6F3-14BF-4DD9-B351-D8C1CDD92F46}.Debug|Any CPU.Build.0 = Debug|Any CPU
		{B130D6F3-14BF-4DD9-B351-D8C1CDD92F46}.Release|Any CPU.ActiveCfg = Release|Any CPU
		{B130D6F3-14BF-4DD9-B351-D8C1CDD92F46}.Release|Any CPU.Build.0 = Release|Any CPU
		{93AF7698-ACBE-4711-846C-EEE8DAE69126}.Debug|Any CPU.ActiveCfg = Debug|Any CPU
		{93AF7698-ACBE-4711-846C-EEE8DAE69126}.Debug|Any CPU.Build.0 = Debug|Any CPU
		{93AF7698-ACBE-4711-846C-EEE8DAE69126}.Release|Any CPU.ActiveCfg = Release|Any CPU
		{93AF7698-ACBE-4711-846C-EEE8DAE69126}.Release|Any CPU.Build.0 = Release|Any CPU
	EndGlobalSection
	GlobalSection(NestedProjects) = preSolution
		{4419E09E-E863-4D8C-B7A4-CC23367C9FA1} = {9042CBFC-FFEE-4434-9123-324184DC5EA8}
		{F36B2C06-4E0C-4887-948D-D2E6886DB9AA} = {65F47F2A-E5A9-44B4-BA64-036EB9F7578E}
		{EC2D16A6-4028-4B03-80A9-33DC96A87837} = {9042CBFC-FFEE-4434-9123-324184DC5EA8}
		{B130D6F3-14BF-4DD9-B351-D8C1CDD92F46} = {65F47F2A-E5A9-44B4-BA64-036EB9F7578E}
		{93AF7698-ACBE-4711-846C-EEE8DAE69126} = {65F47F2A-E5A9-44B4-BA64-036EB9F7578E}
	EndGlobalSection
EndGlobal
